PODS:
  - AwesomeCache (3.0.1)
  - NowCastMapView (1.2):
    - AwesomeCache

DEPENDENCIES:
  - NowCastMapView (from `../`)

EXTERNAL SOURCES:
  NowCastMapView:
    :path: "../"

SPEC CHECKSUMS:
  AwesomeCache: a1561c926b6cf812c5f3f4262ea22e20bf8323c1
  NowCastMapView: 86301da285e9bb0cf8ca2e17bfc759089b980cdf

PODFILE CHECKSUM: 6bd091113dc89008b907ad5ef397b19451e7c44e

COCOAPODS: 1.0.1
