// !$*UTF8*$!
{
	archiveVersion = 1;
	classes = {
	};
	objectVersion = 46;
	objects = {

/* Begin PBXBuildFile section */
		D307FFA61C56EBA3001F6C66 /* AppDelegate.swift in Sources */ = {isa = PBXBuildFile; fileRef = D307FFA51C56EBA3001F6C66 /* AppDelegate.swift */; };
		D307FFA81C56EBA3001F6C66 /* ViewController.swift in Sources */ = {isa = PBXBuildFile; fileRef = D307FFA71C56EBA3001F6C66 /* ViewController.swift */; };
		D307FFAB1C56EBA3001F6C66 /* Main.storyboard in Resources */ = {isa = PBXBuildFile; fileRef = D307FFA91C56EBA3001F6C66 /* Main.storyboard */; };
		D307FFAD1C56EBA3001F6C66 /* Assets.xcassets in Resources */ = {isa = PBXBuildFile; fileRef = D307FFAC1C56EBA3001F6C66 /* Assets.xcassets */; };
		D307FFB01C56EBA3001F6C66 /* LaunchScreen.storyboard in Resources */ = {isa = PBXBuildFile; fileRef = D307FFAE1C56EBA3001F6C66 /* LaunchScreen.storyboard */; };
		D3368B441F093BA90051D63D /* NowCastMapView.framework in Frameworks */ = {isa = PBXBuildFile; fileRef = D3368B431F093BA90051D63D /* NowCastMapView.framework */; };
/* End PBXBuildFile section */

/* Begin PBXFileReference section */
		D307FFA21C56EBA3001F6C66 /* Example.app */ = {isa = PBXFileReference; explicitFileType = wrapper.application; includeInIndex = 0; path = Example.app; sourceTree = BUILT_PRODUCTS_DIR; };
		D307FFA51C56EBA3001F6C66 /* AppDelegate.swift */ = {isa = PBXFileReference; lastKnownFileType = sourcecode.swift; path = AppDelegate.swift; sourceTree = "<group>"; };
		D307FFA71C56EBA3001F6C66 /* ViewController.swift */ = {isa = PBXFileReference; lastKnownFileType = sourcecode.swift; path = ViewController.swift; sourceTree = "<group>"; };
		D307FFAA1C56EBA3001F6C66 /* Base */ = {isa = PBXFileReference; lastKnownFileType = file.storyboard; name = Base; path = Base.lproj/Main.storyboard; sourceTree = "<group>"; };
		D307FFAC1C56EBA3001F6C66 /* Assets.xcassets */ = {isa = PBXFileReference; lastKnownFileType = folder.assetcatalog; path = Assets.xcassets; sourceTree = "<group>"; };
		D307FFAF1C56EBA3001F6C66 /* Base */ = {isa = PBXFileReference; lastKnownFileType = file.storyboard; name = Base; path = Base.lproj/LaunchScreen.storyboard; sourceTree = "<group>"; };
		D307FFB11C56EBA3001F6C66 /* Info.plist */ = {isa = PBXFileReference; lastKnownFileType = text.plist.xml; path = Info.plist; sourceTree = "<group>"; };
		D3368B431F093BA90051D63D /* NowCastMapView.framework */ = {isa = PBXFileReference; lastKnownFileType = wrapper.framework; name = NowCastMapView.framework; path = Carthage/Build/iOS/NowCastMapView.framework; sourceTree = "<group>"; };
		D3E90B7D20D4C22400465A3F /* Cartfile */ = {isa = PBXFileReference; lastKnownFileType = text; path = Cartfile; sourceTree = "<group>"; };
/* End PBXFileReference section */

/* Begin PBXFrameworksBuildPhase section */
		D307FF9F1C56EBA3001F6C66 /* Frameworks */ = {
			isa = PBXFrameworksBuildPhase;
			buildActionMask = 2147483647;
			files = (
				D3368B441F093BA90051D63D /* NowCastMapView.framework in Frameworks */,
			);
			runOnlyForDeploymentPostprocessing = 0;
		};
/* End PBXFrameworksBuildPhase section */

/* Begin PBXGroup section */
		48C41ECC79FFEB3409F5C901 /* Frameworks */ = {
			isa = PBXGroup;
			children = (
				D3368B431F093BA90051D63D /* NowCastMapView.framework */,
			);
			name = Frameworks;
			sourceTree = "<group>";
		};
		D307FF991C56EBA3001F6C66 = {
			isa = PBXGroup;
			children = (
				D3E90B7D20D4C22400465A3F /* Cartfile */,
				D307FFA41C56EBA3001F6C66 /* Example */,
				D307FFA31C56EBA3001F6C66 /* Products */,
				48C41ECC79FFEB3409F5C901 /* Frameworks */,
			);
			sourceTree = "<group>";
		};
		D307FFA31C56EBA3001F6C66 /* Products */ = {
			isa = PBXGroup;
			children = (
				D307FFA21C56EBA3001F6C66 /* Example.app */,
			);
			name = Products;
			sourceTree = "<group>";
		};
		D307FFA41C56EBA3001F6C66 /* Example */ = {
			isa = PBXGroup;
			children = (
				D307FFA71C56EBA3001F6C66 /* ViewController.swift */,
				D3D6424C1D3C9671003D7BA1 /* Supporting Files */,
			);
			path = Example;
			sourceTree = "<group>";
		};
		D3D6424C1D3C9671003D7BA1 /* Supporting Files */ = {
			isa = PBXGroup;
			children = (
				D307FFA51C56EBA3001F6C66 /* AppDelegate.swift */,
				D307FFAE1C56EBA3001F6C66 /* LaunchScreen.storyboard */,
				D307FFA91C56EBA3001F6C66 /* Main.storyboard */,
				D307FFAC1C56EBA3001F6C66 /* Assets.xcassets */,
				D307FFB11C56EBA3001F6C66 /* Info.plist */,
			);
			name = "Supporting Files";
			sourceTree = "<group>";
		};
/* End PBXGroup section */

/* Begin PBXNativeTarget section */
		D307FFA11C56EBA3001F6C66 /* Example */ = {
			isa = PBXNativeTarget;
			buildConfigurationList = D307FFCA1C56EBA3001F6C66 /* Build configuration list for PBXNativeTarget "Example" */;
			buildPhases = (
				D307FF9E1C56EBA3001F6C66 /* Sources */,
				D307FF9F1C56EBA3001F6C66 /* Frameworks */,
				D307FFA01C56EBA3001F6C66 /* Resources */,
				D3368B461F093D4D0051D63D /* Carthage */,
			);
			buildRules = (
			);
			dependencies = (
			);
			name = Example;
			productName = Example;
			productReference = D307FFA21C56EBA3001F6C66 /* Example.app */;
			productType = "com.apple.product-type.application";
		};
/* End PBXNativeTarget section */

/* Begin PBXProject section */
		D307FF9A1C56EBA3001F6C66 /* Project object */ = {
			isa = PBXProject;
			attributes = {
				LastSwiftUpdateCheck = 0720;
				LastUpgradeCheck = 1100;
				ORGANIZATIONNAME = "Hiroshi Noto";
				TargetAttributes = {
					D307FFA11C56EBA3001F6C66 = {
						CreatedOnToolsVersion = 7.2;
						DevelopmentTeam = NGSEKJM42E;
						LastSwiftMigration = 1100;
					};
				};
			};
			buildConfigurationList = D307FF9D1C56EBA3001F6C66 /* Build configuration list for PBXProject "Example" */;
			compatibilityVersion = "Xcode 3.2";
			developmentRegion = English;
			hasScannedForEncodings = 0;
			knownRegions = (
				English,
				en,
				Base,
			);
			mainGroup = D307FF991C56EBA3001F6C66;
			productRefGroup = D307FFA31C56EBA3001F6C66 /* Products */;
			projectDirPath = "";
			projectRoot = "";
			targets = (
				D307FFA11C56EBA3001F6C66 /* Example */,
			);
		};
/* End PBXProject section */

/* Begin PBXResourcesBuildPhase section */
		D307FFA01C56EBA3001F6C66 /* Resources */ = {
			isa = PBXResourcesBuildPhase;
			buildActionMask = 2147483647;
			files = (
				D307FFB01C56EBA3001F6C66 /* LaunchScreen.storyboard in Resources */,
				D307FFAD1C56EBA3001F6C66 /* Assets.xcassets in Resources */,
				D307FFAB1C56EBA3001F6C66 /* Main.storyboard in Resources */,
			);
			runOnlyForDeploymentPostprocessing = 0;
		};
/* End PBXResourcesBuildPhase section */

/* Begin PBXShellScriptBuildPhase section */
		D3368B461F093D4D0051D63D /* Carthage */ = {
			isa = PBXShellScriptBuildPhase;
			buildActionMask = 2147483647;
			files = (
			);
			inputPaths = (
				"$(SRCROOT)/Carthage/Build/iOS/NowCastMapView.framework",
			);
			name = Carthage;
			outputPaths = (
			);
			runOnlyForDeploymentPostprocessing = 0;
			shellPath = /bin/sh;
			shellScript = "/usr/local/bin/carthage copy-frameworks";
		};
/* End PBXShellScriptBuildPhase section */

/* Begin PBXSourcesBuildPhase section */
		D307FF9E1C56EBA3001F6C66 /* Sources */ = {
			isa = PBXSourcesBuildPhase;
			buildActionMask = 2147483647;
			files = (
				D307FFA81C56EBA3001F6C66 /* ViewController.swift in Sources */,
				D307FFA61C56EBA3001F6C66 /* AppDelegate.swift in Sources */,
			);
			runOnlyForDeploymentPostprocessing = 0;
		};
/* End PBXSourcesBuildPhase section */

/* Begin PBXVariantGroup section */
		D307FFA91C56EBA3001F6C66 /* Main.storyboard */ = {
			isa = PBXVariantGroup;
			children = (
				D307FFAA1C56EBA3001F6C66 /* Base */,
			);
			name = Main.storyboard;
			sourceTree = "<group>";
		};
		D307FFAE1C56EBA3001F6C66 /* LaunchScreen.storyboard */ = {
			isa = PBXVariantGroup;
			children = (
				D307FFAF1C56EBA3001F6C66 /* Base */,
			);
			name = LaunchScreen.storyboard;
			sourceTree = "<group>";
		};
/* End PBXVariantGroup section */

/* Begin XCBuildConfiguration section */
		D307FFC81C56EBA3001F6C66 /* Debug */ = {
			isa = XCBuildConfiguration;
			buildSettings = {
				ALWAYS_SEARCH_USER_PATHS = NO;
				CLANG_ANALYZER_LOCALIZABILITY_NONLOCALIZED = YES;
				CLANG_CXX_LANGUAGE_STANDARD = "gnu++0x";
				CLANG_CXX_LIBRARY = "libc++";
				CLANG_ENABLE_MODULES = YES;
				CLANG_ENABLE_OBJC_ARC = YES;
				CLANG_WARN_BLOCK_CAPTURE_AUTORELEASING = YES;
				CLANG_WARN_BOOL_CONVERSION = YES;
				CLANG_WARN_COMMA = YES;
				CLANG_WARN_CONSTANT_CONVERSION = YES;
				CLANG_WARN_DEPRECATED_OBJC_IMPLEMENTATIONS = YES;
				CLANG_WARN_DIRECT_OBJC_ISA_USAGE = YES_ERROR;
				CLANG_WARN_EMPTY_BODY = YES;
				CLANG_WARN_ENUM_CONVERSION = YES;
				CLANG_WARN_INFINITE_RECURSION = YES;
				CLANG_WARN_INT_CONVERSION = YES;
				CLANG_WARN_NON_LITERAL_NULL_CONVERSION = YES;
				CLANG_WARN_OBJC_IMPLICIT_RETAIN_SELF = YES;
				CLANG_WARN_OBJC_LITERAL_CONVERSION = YES;
				CLANG_WARN_OBJC_ROOT_CLASS = YES_ERROR;
				CLANG_WARN_RANGE_LOOP_ANALYSIS = YES;
				CLANG_WARN_STRICT_PROTOTYPES = YES;
				CLANG_WARN_SUSPICIOUS_MOVE = YES;
				CLANG_WARN_UNREACHABLE_CODE = YES;
				CLANG_WARN__DUPLICATE_METHOD_MATCH = YES;
				"CODE_SIGN_IDENTITY[sdk=iphoneos*]" = "iPhone Developer";
				COPY_PHASE_STRIP = NO;
				DEBUG_INFORMATION_FORMAT = dwarf;
				ENABLE_STRICT_OBJC_MSGSEND = YES;
				ENABLE_TESTABILITY = YES;
				GCC_C_LANGUAGE_STANDARD = gnu99;
				GCC_DYNAMIC_NO_PIC = NO;
				GCC_NO_COMMON_BLOCKS = YES;
				GCC_OPTIMIZATION_LEVEL = 0;
				GCC_PREPROCESSOR_DEFINITIONS = (
					"DEBUG=1",
					"$(inherited)",
				);
				GCC_WARN_64_TO_32_BIT_CONVERSION = YES;
				GCC_WARN_ABOUT_RETURN_TYPE = YES_ERROR;
				GCC_WARN_UNDECLARED_SELECTOR = YES;
				GCC_WARN_UNINITIALIZED_AUTOS = YES_AGGRESSIVE;
				GCC_WARN_UNUSED_FUNCTION = YES;
				GCC_WARN_UNUSED_VARIABLE = YES;
				MTL_ENABLE_DEBUG_INFO = YES;
				ONLY_ACTIVE_ARCH = YES;
				SDKROOT = iphoneos;
				SWIFT_OPTIMIZATION_LEVEL = "-Onone";
				TARGETED_DEVICE_FAMILY = "1,2";
			};
			name = Debug;
		};
		D307FFC91C56EBA3001F6C66 /* Release */ = {
			isa = XCBuildConfiguration;
			buildSettings = {
				ALWAYS_SEARCH_USER_PATHS = NO;
				CLANG_ANALYZER_LOCALIZABILITY_NONLOCALIZED = YES;
				CLANG_CXX_LANGUAGE_STANDARD = "gnu++0x";
				CLANG_CXX_LIBRARY = "libc++";
				CLANG_ENABLE_MODULES = YES;
				CLANG_ENABLE_OBJC_ARC = YES;
				CLANG_WARN_BLOCK_CAPTURE_AUTORELEASING = YES;
				CLANG_WARN_BOOL_CONVERSION = YES;
				CLANG_WARN_COMMA = YES;
				CLANG_WARN_CONSTANT_CONVERSION = YES;
				CLANG_WARN_DEPRECATED_OBJC_IMPLEMENTATIONS = YES;
				CLANG_WARN_DIRECT_OBJC_ISA_USAGE = YES_ERROR;
				CLANG_WARN_EMPTY_BODY = YES;
				CLANG_WARN_ENUM_CONVERSION = YES;
				CLANG_WARN_INFINITE_RECURSION = YES;
				CLANG_WARN_INT_CONVERSION = YES;
				CLANG_WARN_NON_LITERAL_NULL_CONVERSION = YES;
				CLANG_WARN_OBJC_IMPLICIT_RETAIN_SELF = YES;
				CLANG_WARN_OBJC_LITERAL_CONVERSION = YES;
				CLANG_WARN_OBJC_ROOT_CLASS = YES_ERROR;
				CLANG_WARN_RANGE_LOOP_ANALYSIS = YES;
				CLANG_WARN_STRICT_PROTOTYPES = YES;
				CLANG_WARN_SUSPICIOUS_MOVE = YES;
				CLANG_WARN_UNREACHABLE_CODE = YES;
				CLANG_WARN__DUPLICATE_METHOD_MATCH = YES;
				"CODE_SIGN_IDENTITY[sdk=iphoneos*]" = "iPhone Developer";
				COPY_PHASE_STRIP = NO;
				DEBUG_INFORMATION_FORMAT = "dwarf-with-dsym";
				ENABLE_NS_ASSERTIONS = NO;
				ENABLE_STRICT_OBJC_MSGSEND = YES;
				GCC_C_LANGUAGE_STANDARD = gnu99;
				GCC_NO_COMMON_BLOCKS = YES;
				GCC_WARN_64_TO_32_BIT_CONVERSION = YES;
				GCC_WARN_ABOUT_RETURN_TYPE = YES_ERROR;
				GCC_WARN_UNDECLARED_SELECTOR = YES;
				GCC_WARN_UNINITIALIZED_AUTOS = YES_AGGRESSIVE;
				GCC_WARN_UNUSED_FUNCTION = YES;
				GCC_WARN_UNUSED_VARIABLE = YES;
				MTL_ENABLE_DEBUG_INFO = NO;
				SDKROOT = iphoneos;
				SWIFT_OPTIMIZATION_LEVEL = "-Owholemodule";
				TARGETED_DEVICE_FAMILY = "1,2";
				VALIDATE_PRODUCT = YES;
			};
			name = Release;
		};
		D307FFCB1C56EBA3001F6C66 /* Debug */ = {
			isa = XCBuildConfiguration;
			buildSettings = {
				ALWAYS_EMBED_SWIFT_STANDARD_LIBRARIES = YES;
				ASSETCATALOG_COMPILER_APPICON_NAME = AppIcon;
				CODE_SIGN_IDENTITY = "iPhone Developer";
				"CODE_SIGN_IDENTITY[sdk=iphoneos*]" = "iPhone Developer";
				DEVELOPMENT_TEAM = NGSEKJM42E;
				FRAMEWORK_SEARCH_PATHS = (
					"$(inherited)",
					"$(PROJECT_DIR)/Carthage/Build/iOS",
				);
				INFOPLIST_FILE = Example/Info.plist;
				IPHONEOS_DEPLOYMENT_TARGET = 13.0;
				LD_RUNPATH_SEARCH_PATHS = "$(inherited) @executable_path/Frameworks";
				PRODUCT_BUNDLE_IDENTIFIER = com.notohiro.Example;
				PRODUCT_NAME = "$(TARGET_NAME)";
				PROVISIONING_PROFILE = "";
				SWIFT_VERSION = 5.0;
			};
			name = Debug;
		};
		D307FFCC1C56EBA3001F6C66 /* Release */ = {
			isa = XCBuildConfiguration;
			buildSettings = {
				ALWAYS_EMBED_SWIFT_STANDARD_LIBRARIES = YES;
				ASSETCATALOG_COMPILER_APPICON_NAME = AppIcon;
				CODE_SIGN_IDENTITY = "iPhone Developer";
				"CODE_SIGN_IDENTITY[sdk=iphoneos*]" = "iPhone Developer";
				DEVELOPMENT_TEAM = NGSEKJM42E;
				FRAMEWORK_SEARCH_PATHS = (
					"$(inherited)",
					"$(PROJECT_DIR)/Carthage/Build/iOS",
				);
				INFOPLIST_FILE = Example/Info.plist;
				IPHONEOS_DEPLOYMENT_TARGET = 13.0;
				LD_RUNPATH_SEARCH_PATHS = "$(inherited) @executable_path/Frameworks";
				PRODUCT_BUNDLE_IDENTIFIER = com.notohiro.Example;
				PRODUCT_NAME = "$(TARGET_NAME)";
				PROVISIONING_PROFILE = "";
				SWIFT_VERSION = 5.0;
			};
			name = Release;
		};
/* End XCBuildConfiguration section */

/* Begin XCConfigurationList section */
		D307FF9D1C56EBA3001F6C66 /* Build configuration list for PBXProject "Example" */ = {
			isa = XCConfigurationList;
			buildConfigurations = (
				D307FFC81C56EBA3001F6C66 /* Debug */,
				D307FFC91C56EBA3001F6C66 /* Release */,
			);
			defaultConfigurationIsVisible = 0;
			defaultConfigurationName = Release;
		};
		D307FFCA1C56EBA3001F6C66 /* Build configuration list for PBXNativeTarget "Example" */ = {
			isa = XCConfigurationList;
			buildConfigurations = (
				D307FFCB1C56EBA3001F6C66 /* Debug */,
				D307FFCC1C56EBA3001F6C66 /* Release */,
			);
			defaultConfigurationIsVisible = 0;
			defaultConfigurationName = Release;
		};
/* End XCConfigurationList section */
	};
	rootObject = D307FF9A1C56EBA3001F6C66 /* Project object */;
}
