PODS:
  - AwesomeCache (2.0)
  - NowCastMapView (1.0):
    - AwesomeCache

DEPENDENCIES:
  - NowCastMapView (from `../`)

EXTERNAL SOURCES:
  NowCastMapView:
    :path: "../"

SPEC CHECKSUMS:
  AwesomeCache: 5d6839ad139cdcee3c3a067f6fc1849523867dd9
  NowCastMapView: 03639de234fe831da7a8088558cbec9ec907805f

COCOAPODS: 0.39.0
