PODS:
  - AwesomeCache (3.0)
  - NowCastMapView (1.0):
    - AwesomeCache

DEPENDENCIES:
  - NowCastMapView (from `../`)

EXTERNAL SOURCES:
  NowCastMapView:
    :path: "../"

SPEC CHECKSUMS:
  AwesomeCache: e3b2a117c9aabda336ce22c156e646629ac18cdb
  NowCastMapView: 03639de234fe831da7a8088558cbec9ec907805f

PODFILE CHECKSUM: 6bd091113dc89008b907ad5ef397b19451e7c44e

COCOAPODS: 1.0.1
